
Microsoft Visual Studio Solution File, Format Version 12.00
# Visual Studio Version 16
VisualStudioVersion = 16.0.31702.278
MinimumVisualStudioVersion = 10.0.40219.1
Project("{FAE04EC0-301F-11D3-BF4B-00C04F79EFBC}") = "Curta_Bianca_Lab2", "Curta_Bianca_Lab2.csproj", "{C910D112-E4DC-4DEE-994B-843F537D23F4}"
EndProject
Global
	GlobalSection(SolutionConfigurationPlatforms) = preSolution
		Debug|Any CPU = Debug|Any CPU
		Release|Any CPU = Release|Any CPU
	EndGlobalSection
	GlobalSection(ProjectConfigurationPlatforms) = postSolution
		{C910D112-E4DC-4DEE-994B-843F537D23F4}.Debug|Any CPU.ActiveCfg = Debug|Any CPU
		{C910D112-E4DC-4DEE-994B-843F537D23F4}.Debug|Any CPU.Build.0 = Debug|Any CPU
		{C910D112-E4DC-4DEE-994B-843F537D23F4}.Release|Any CPU.ActiveCfg = Release|Any CPU
		{C910D112-E4DC-4DEE-994B-843F537D23F4}.Release|Any CPU.Build.0 = Release|Any CPU
	EndGlobalSection
	GlobalSection(SolutionProperties) = preSolution
		HideSolutionNode = FALSE
	EndGlobalSection
	GlobalSection(ExtensibilityGlobals) = postSolution
		SolutionGuid = {6744B16D-DC3E-4D70-9B70-43E958A06FC2}
	EndGlobalSection
EndGlobal
